
Microsoft Visual Studio Solution File, Format Version 12.00
# Visual Studio Version 16
VisualStudioVersion = 16.0.29215.179
MinimumVisualStudioVersion = 10.0.40219.1
Project("{9A19103F-16F7-4668-BE54-9A1E7A4F7556}") = "FormulaEvaluator", "FormulaEvaluator\FormulaEvaluator.csproj", "{C74C5BA3-9801-4626-A0EA-4F22EC8C1054}"
EndProject
Project("{FAE04EC0-301F-11D3-BF4B-00C04F79EFBC}") = "EvaluateTester", "EvaluateTester\EvaluateTester.csproj", "{2473E963-B53B-4FCB-B8A1-3C2417DDB84F}"
EndProject
Project("{FAE04EC0-301F-11D3-BF4B-00C04F79EFBC}") = "PS1GradingTests", "PS1GradingTests\PS1GradingTests.csproj", "{6C51B03B-B8C3-478F-B5D9-83F191FF6196}"
EndProject
Global
	GlobalSection(SolutionConfigurationPlatforms) = preSolution
		Debug|Any CPU = Debug|Any CPU
		Release|Any CPU = Release|Any CPU
	EndGlobalSection
	GlobalSection(ProjectConfigurationPlatforms) = postSolution
		{C74C5BA3-9801-4626-A0EA-4F22EC8C1054}.Debug|Any CPU.ActiveCfg = Debug|Any CPU
		{C74C5BA3-9801-4626-A0EA-4F22EC8C1054}.Debug|Any CPU.Build.0 = Debug|Any CPU
		{C74C5BA3-9801-4626-A0EA-4F22EC8C1054}.Release|Any CPU.ActiveCfg = Release|Any CPU
		{C74C5BA3-9801-4626-A0EA-4F22EC8C1054}.Release|Any CPU.Build.0 = Release|Any CPU
		{2473E963-B53B-4FCB-B8A1-3C2417DDB84F}.Debug|Any CPU.ActiveCfg = Debug|Any CPU
		{2473E963-B53B-4FCB-B8A1-3C2417DDB84F}.Debug|Any CPU.Build.0 = Debug|Any CPU
		{2473E963-B53B-4FCB-B8A1-3C2417DDB84F}.Release|Any CPU.ActiveCfg = Release|Any CPU
		{2473E963-B53B-4FCB-B8A1-3C2417DDB84F}.Release|Any CPU.Build.0 = Release|Any CPU
		{6C51B03B-B8C3-478F-B5D9-83F191FF6196}.Debug|Any CPU.ActiveCfg = Debug|Any CPU
		{6C51B03B-B8C3-478F-B5D9-83F191FF6196}.Debug|Any CPU.Build.0 = Debug|Any CPU
		{6C51B03B-B8C3-478F-B5D9-83F191FF6196}.Release|Any CPU.ActiveCfg = Release|Any CPU
		{6C51B03B-B8C3-478F-B5D9-83F191FF6196}.Release|Any CPU.Build.0 = Release|Any CPU
	EndGlobalSection
	GlobalSection(SolutionProperties) = preSolution
		HideSolutionNode = FALSE
	EndGlobalSection
	GlobalSection(ExtensibilityGlobals) = postSolution
		SolutionGuid = {7FE3AE70-4672-4C25-9D61-7D331253653B}
	EndGlobalSection
EndGlobal
