
Microsoft Visual Studio Solution File, Format Version 12.00
# Visual Studio Version 16
VisualStudioVersion = 16.0.29215.179
MinimumVisualStudioVersion = 10.0.40219.1
Project("{9A19103F-16F7-4668-BE54-9A1E7A4F7556}") = "DependencyGraph", "DependencyGraph\DependencyGraph.csproj", "{52A3F24B-AD06-4CB2-9247-0FA06AB2DFF5}"
EndProject
Project("{9A19103F-16F7-4668-BE54-9A1E7A4F7556}") = "DevelopmentTests", "DependencyGraphTests\DevelopmentTests.csproj", "{FDD187D3-60DB-4424-A540-9F282AA185D3}"
EndProject
Project("{FAE04EC0-301F-11D3-BF4B-00C04F79EFBC}") = "PS2GradingTests", "PS2GradingTests\PS2GradingTests.csproj", "{4C3D6FEB-84BF-4D32-B888-D8206556BFF7}"
EndProject
Global
	GlobalSection(SolutionConfigurationPlatforms) = preSolution
		Debug|Any CPU = Debug|Any CPU
		Release|Any CPU = Release|Any CPU
	EndGlobalSection
	GlobalSection(ProjectConfigurationPlatforms) = postSolution
		{52A3F24B-AD06-4CB2-9247-0FA06AB2DFF5}.Debug|Any CPU.ActiveCfg = Debug|Any CPU
		{52A3F24B-AD06-4CB2-9247-0FA06AB2DFF5}.Debug|Any CPU.Build.0 = Debug|Any CPU
		{52A3F24B-AD06-4CB2-9247-0FA06AB2DFF5}.Release|Any CPU.ActiveCfg = Release|Any CPU
		{52A3F24B-AD06-4CB2-9247-0FA06AB2DFF5}.Release|Any CPU.Build.0 = Release|Any CPU
		{FDD187D3-60DB-4424-A540-9F282AA185D3}.Debug|Any CPU.ActiveCfg = Debug|Any CPU
		{FDD187D3-60DB-4424-A540-9F282AA185D3}.Debug|Any CPU.Build.0 = Debug|Any CPU
		{FDD187D3-60DB-4424-A540-9F282AA185D3}.Release|Any CPU.ActiveCfg = Release|Any CPU
		{FDD187D3-60DB-4424-A540-9F282AA185D3}.Release|Any CPU.Build.0 = Release|Any CPU
		{4C3D6FEB-84BF-4D32-B888-D8206556BFF7}.Debug|Any CPU.ActiveCfg = Debug|Any CPU
		{4C3D6FEB-84BF-4D32-B888-D8206556BFF7}.Debug|Any CPU.Build.0 = Debug|Any CPU
		{4C3D6FEB-84BF-4D32-B888-D8206556BFF7}.Release|Any CPU.ActiveCfg = Release|Any CPU
		{4C3D6FEB-84BF-4D32-B888-D8206556BFF7}.Release|Any CPU.Build.0 = Release|Any CPU
	EndGlobalSection
	GlobalSection(SolutionProperties) = preSolution
		HideSolutionNode = FALSE
	EndGlobalSection
	GlobalSection(ExtensibilityGlobals) = postSolution
		SolutionGuid = {670EC501-6F12-46EE-A6CD-6311E3AA6E91}
	EndGlobalSection
EndGlobal
